// !$*UTF8*$!
{
	archiveVersion = 1;
	classes = {
	};
	objectVersion = 48;
	objects = {

/* Begin PBXBuildFile section */
		D80012D4A5ABE539B004FCF2 /* Pods_Social_App.framework in Frameworks */ = {isa = PBXBuildFile; fileRef = 5EA69F3D5ED0E0C8C29455FD /* Pods_Social_App.framework */; };
		E0693D9A20B4C82C00DFA008 /* GoogleService-Info.plist in Resources */ = {isa = PBXBuildFile; fileRef = E0693D9920B4C82C00DFA008 /* GoogleService-Info.plist */; };
		EBDF281020AA2F4D00458E05 /* AppDelegate.swift in Sources */ = {isa = PBXBuildFile; fileRef = EBDF280F20AA2F4D00458E05 /* AppDelegate.swift */; };
		EBDF281220AA2F4D00458E05 /* ViewController.swift in Sources */ = {isa = PBXBuildFile; fileRef = EBDF281120AA2F4D00458E05 /* ViewController.swift */; };
		EBDF281520AA2F4D00458E05 /* Main.storyboard in Resources */ = {isa = PBXBuildFile; fileRef = EBDF281320AA2F4D00458E05 /* Main.storyboard */; };
		EBDF281720AA2F4D00458E05 /* Assets.xcassets in Resources */ = {isa = PBXBuildFile; fileRef = EBDF281620AA2F4D00458E05 /* Assets.xcassets */; };
		EBDF281A20AA2F4D00458E05 /* LaunchScreen.storyboard in Resources */ = {isa = PBXBuildFile; fileRef = EBDF281820AA2F4D00458E05 /* LaunchScreen.storyboard */; };
/* End PBXBuildFile section */

/* Begin PBXFileReference section */
		5EA69F3D5ED0E0C8C29455FD /* Pods_Social_App.framework */ = {isa = PBXFileReference; explicitFileType = wrapper.framework; includeInIndex = 0; path = Pods_Social_App.framework; sourceTree = BUILT_PRODUCTS_DIR; };
		A49519C9995F02E7C6BDC89D /* Pods-Social-App.debug.xcconfig */ = {isa = PBXFileReference; includeInIndex = 1; lastKnownFileType = text.xcconfig; name = "Pods-Social-App.debug.xcconfig"; path = "Pods/Target Support Files/Pods-Social-App/Pods-Social-App.debug.xcconfig"; sourceTree = "<group>"; };
		D150FC27A092F9FD7EADD2CB /* Pods-Social-App.release.xcconfig */ = {isa = PBXFileReference; includeInIndex = 1; lastKnownFileType = text.xcconfig; name = "Pods-Social-App.release.xcconfig"; path = "Pods/Target Support Files/Pods-Social-App/Pods-Social-App.release.xcconfig"; sourceTree = "<group>"; };
		E0693D9920B4C82C00DFA008 /* GoogleService-Info.plist */ = {isa = PBXFileReference; fileEncoding = 4; lastKnownFileType = text.plist.xml; name = "GoogleService-Info.plist"; path = "../../../Downloads/GoogleService-Info.plist"; sourceTree = "<group>"; };
		EBDF280C20AA2F4D00458E05 /* Social-App.app */ = {isa = PBXFileReference; explicitFileType = wrapper.application; includeInIndex = 0; path = "Social-App.app"; sourceTree = BUILT_PRODUCTS_DIR; };
		EBDF280F20AA2F4D00458E05 /* AppDelegate.swift */ = {isa = PBXFileReference; lastKnownFileType = sourcecode.swift; path = AppDelegate.swift; sourceTree = "<group>"; };
		EBDF281120AA2F4D00458E05 /* ViewController.swift */ = {isa = PBXFileReference; lastKnownFileType = sourcecode.swift; path = ViewController.swift; sourceTree = "<group>"; };
		EBDF281420AA2F4D00458E05 /* Base */ = {isa = PBXFileReference; lastKnownFileType = file.storyboard; name = Base; path = Base.lproj/Main.storyboard; sourceTree = "<group>"; };
		EBDF281620AA2F4D00458E05 /* Assets.xcassets */ = {isa = PBXFileReference; lastKnownFileType = folder.assetcatalog; path = Assets.xcassets; sourceTree = "<group>"; };
		EBDF281920AA2F4D00458E05 /* Base */ = {isa = PBXFileReference; lastKnownFileType = file.storyboard; name = Base; path = Base.lproj/LaunchScreen.storyboard; sourceTree = "<group>"; };
		EBDF281B20AA2F4D00458E05 /* Info.plist */ = {isa = PBXFileReference; lastKnownFileType = text.plist.xml; path = Info.plist; sourceTree = "<group>"; };
/* End PBXFileReference section */

/* Begin PBXFrameworksBuildPhase section */
		EBDF280920AA2F4D00458E05 /* Frameworks */ = {
			isa = PBXFrameworksBuildPhase;
			buildActionMask = 2147483647;
			files = (
				D80012D4A5ABE539B004FCF2 /* Pods_Social_App.framework in Frameworks */,
			);
			runOnlyForDeploymentPostprocessing = 0;
		};
/* End PBXFrameworksBuildPhase section */

/* Begin PBXGroup section */
		0F5C6DC15CC446D611A31AAC /* Pods */ = {
			isa = PBXGroup;
			children = (
				A49519C9995F02E7C6BDC89D /* Pods-Social-App.debug.xcconfig */,
				D150FC27A092F9FD7EADD2CB /* Pods-Social-App.release.xcconfig */,
			);
			name = Pods;
			sourceTree = "<group>";
		};
		51EC8C0E2EC0E313E8F1E734 /* Frameworks */ = {
			isa = PBXGroup;
			children = (
				5EA69F3D5ED0E0C8C29455FD /* Pods_Social_App.framework */,
			);
			name = Frameworks;
			sourceTree = "<group>";
		};
		EBDF280320AA2F4D00458E05 = {
			isa = PBXGroup;
			children = (
				EBDF280E20AA2F4D00458E05 /* Social-App */,
				EBDF280D20AA2F4D00458E05 /* Products */,
				0F5C6DC15CC446D611A31AAC /* Pods */,
				51EC8C0E2EC0E313E8F1E734 /* Frameworks */,
			);
			sourceTree = "<group>";
		};
		EBDF280D20AA2F4D00458E05 /* Products */ = {
			isa = PBXGroup;
			children = (
				EBDF280C20AA2F4D00458E05 /* Social-App.app */,
			);
			name = Products;
			sourceTree = "<group>";
		};
		EBDF280E20AA2F4D00458E05 /* Social-App */ = {
			isa = PBXGroup;
			children = (
				EBDF280F20AA2F4D00458E05 /* AppDelegate.swift */,
				EBDF281120AA2F4D00458E05 /* ViewController.swift */,
				EBDF281320AA2F4D00458E05 /* Main.storyboard */,
				EBDF281620AA2F4D00458E05 /* Assets.xcassets */,
				EBDF281820AA2F4D00458E05 /* LaunchScreen.storyboard */,
				E0693D9920B4C82C00DFA008 /* GoogleService-Info.plist */,
				EBDF281B20AA2F4D00458E05 /* Info.plist */,
			);
			path = "Social-App";
			sourceTree = "<group>";
		};
/* End PBXGroup section */

/* Begin PBXNativeTarget section */
		EBDF280B20AA2F4D00458E05 /* Social-App */ = {
			isa = PBXNativeTarget;
			buildConfigurationList = EBDF281E20AA2F4D00458E05 /* Build configuration list for PBXNativeTarget "Social-App" */;
			buildPhases = (
				D3122D63AF3DC2413CC5EB63 /* [CP] Check Pods Manifest.lock */,
				EBDF280820AA2F4D00458E05 /* Sources */,
				EBDF280920AA2F4D00458E05 /* Frameworks */,
				EBDF280A20AA2F4D00458E05 /* Resources */,
				C54359B6E2AE15665D5213BD /* [CP] Embed Pods Frameworks */,
			);
			buildRules = (
			);
			dependencies = (
			);
			name = "Social-App";
			productName = "Social-App";
			productReference = EBDF280C20AA2F4D00458E05 /* Social-App.app */;
			productType = "com.apple.product-type.application";
		};
/* End PBXNativeTarget section */

/* Begin PBXProject section */
		EBDF280420AA2F4D00458E05 /* Project object */ = {
			isa = PBXProject;
			attributes = {
				LastSwiftUpdateCheck = 0920;
				LastUpgradeCheck = 0920;
				ORGANIZATIONNAME = "Alex Alajbegovic";
				TargetAttributes = {
					EBDF280B20AA2F4D00458E05 = {
						CreatedOnToolsVersion = 9.2;
						ProvisioningStyle = Automatic;
					};
				};
			};
			buildConfigurationList = EBDF280720AA2F4D00458E05 /* Build configuration list for PBXProject "Social-App" */;
			compatibilityVersion = "Xcode 8.0";
			developmentRegion = en;
			hasScannedForEncodings = 0;
			knownRegions = (
				en,
				Base,
			);
			mainGroup = EBDF280320AA2F4D00458E05;
			productRefGroup = EBDF280D20AA2F4D00458E05 /* Products */;
			projectDirPath = "";
			projectRoot = "";
			targets = (
				EBDF280B20AA2F4D00458E05 /* Social-App */,
			);
		};
/* End PBXProject section */

/* Begin PBXResourcesBuildPhase section */
		EBDF280A20AA2F4D00458E05 /* Resources */ = {
			isa = PBXResourcesBuildPhase;
			buildActionMask = 2147483647;
			files = (
				EBDF281A20AA2F4D00458E05 /* LaunchScreen.storyboard in Resources */,
				E0693D9A20B4C82C00DFA008 /* GoogleService-Info.plist in Resources */,
				EBDF281720AA2F4D00458E05 /* Assets.xcassets in Resources */,
				EBDF281520AA2F4D00458E05 /* Main.storyboard in Resources */,
			);
			runOnlyForDeploymentPostprocessing = 0;
		};
/* End PBXResourcesBuildPhase section */

/* Begin PBXShellScriptBuildPhase section */
		C54359B6E2AE15665D5213BD /* [CP] Embed Pods Frameworks */ = {
			isa = PBXShellScriptBuildPhase;
			buildActionMask = 2147483647;
			files = (
			);
			inputPaths = (
				"${SRCROOT}/Pods/Target Support Files/Pods-Social-App/Pods-Social-App-frameworks.sh",
				"${BUILT_PRODUCTS_DIR}/GTMSessionFetcher/GTMSessionFetcher.framework",
				"${BUILT_PRODUCTS_DIR}/GoogleToolboxForMac/GoogleToolboxForMac.framework",
				"${BUILT_PRODUCTS_DIR}/nanopb/nanopb.framework",
			);
			name = "[CP] Embed Pods Frameworks";
			outputPaths = (
				"${TARGET_BUILD_DIR}/${FRAMEWORKS_FOLDER_PATH}/GTMSessionFetcher.framework",
				"${TARGET_BUILD_DIR}/${FRAMEWORKS_FOLDER_PATH}/GoogleToolboxForMac.framework",
				"${TARGET_BUILD_DIR}/${FRAMEWORKS_FOLDER_PATH}/nanopb.framework",
			);
			runOnlyForDeploymentPostprocessing = 0;
			shellPath = /bin/sh;
			shellScript = "\"${SRCROOT}/Pods/Target Support Files/Pods-Social-App/Pods-Social-App-frameworks.sh\"\n";
			showEnvVarsInLog = 0;
		};
		D3122D63AF3DC2413CC5EB63 /* [CP] Check Pods Manifest.lock */ = {
			isa = PBXShellScriptBuildPhase;
			buildActionMask = 2147483647;
			files = (
			);
			inputPaths = (
				"${PODS_PODFILE_DIR_PATH}/Podfile.lock",
				"${PODS_ROOT}/Manifest.lock",
			);
			name = "[CP] Check Pods Manifest.lock";
			outputPaths = (
				"$(DERIVED_FILE_DIR)/Pods-Social-App-checkManifestLockResult.txt",
			);
			runOnlyForDeploymentPostprocessing = 0;
			shellPath = /bin/sh;
			shellScript = "diff \"${PODS_PODFILE_DIR_PATH}/Podfile.lock\" \"${PODS_ROOT}/Manifest.lock\" > /dev/null\nif [ $? != 0 ] ; then\n    # print error to STDERR\n    echo \"error: The sandbox is not in sync with the Podfile.lock. Run 'pod install' or update your CocoaPods installation.\" >&2\n    exit 1\nfi\n# This output is used by Xcode 'outputs' to avoid re-running this script phase.\necho \"SUCCESS\" > \"${SCRIPT_OUTPUT_FILE_0}\"\n";
			showEnvVarsInLog = 0;
		};
/* End PBXShellScriptBuildPhase section */

/* Begin PBXSourcesBuildPhase section */
		EBDF280820AA2F4D00458E05 /* Sources */ = {
			isa = PBXSourcesBuildPhase;
			buildActionMask = 2147483647;
			files = (
				EBDF281220AA2F4D00458E05 /* ViewController.swift in Sources */,
				EBDF281020AA2F4D00458E05 /* AppDelegate.swift in Sources */,
			);
			runOnlyForDeploymentPostprocessing = 0;
		};
/* End PBXSourcesBuildPhase section */

/* Begin PBXVariantGroup section */
		EBDF281320AA2F4D00458E05 /* Main.storyboard */ = {
			isa = PBXVariantGroup;
			children = (
				EBDF281420AA2F4D00458E05 /* Base */,
			);
			name = Main.storyboard;
			sourceTree = "<group>";
		};
		EBDF281820AA2F4D00458E05 /* LaunchScreen.storyboard */ = {
			isa = PBXVariantGroup;
			children = (
				EBDF281920AA2F4D00458E05 /* Base */,
			);
			name = LaunchScreen.storyboard;
			sourceTree = "<group>";
		};
/* End PBXVariantGroup section */

/* Begin XCBuildConfiguration section */
		EBDF281C20AA2F4D00458E05 /* Debug */ = {
			isa = XCBuildConfiguration;
			buildSettings = {
				ALWAYS_SEARCH_USER_PATHS = NO;
				CLANG_ANALYZER_NONNULL = YES;
				CLANG_ANALYZER_NUMBER_OBJECT_CONVERSION = YES_AGGRESSIVE;
				CLANG_CXX_LANGUAGE_STANDARD = "gnu++14";
				CLANG_CXX_LIBRARY = "libc++";
				CLANG_ENABLE_MODULES = YES;
				CLANG_ENABLE_OBJC_ARC = YES;
				CLANG_WARN_BLOCK_CAPTURE_AUTORELEASING = YES;
				CLANG_WARN_BOOL_CONVERSION = YES;
				CLANG_WARN_COMMA = YES;
				CLANG_WARN_CONSTANT_CONVERSION = YES;
				CLANG_WARN_DIRECT_OBJC_ISA_USAGE = YES_ERROR;
				CLANG_WARN_DOCUMENTATION_COMMENTS = YES;
				CLANG_WARN_EMPTY_BODY = YES;
				CLANG_WARN_ENUM_CONVERSION = YES;
				CLANG_WARN_INFINITE_RECURSION = YES;
				CLANG_WARN_INT_CONVERSION = YES;
				CLANG_WARN_NON_LITERAL_NULL_CONVERSION = YES;
				CLANG_WARN_OBJC_LITERAL_CONVERSION = YES;
				CLANG_WARN_OBJC_ROOT_CLASS = YES_ERROR;
				CLANG_WARN_RANGE_LOOP_ANALYSIS = YES;
				CLANG_WARN_STRICT_PROTOTYPES = YES;
				CLANG_WARN_SUSPICIOUS_MOVE = YES;
				CLANG_WARN_UNGUARDED_AVAILABILITY = YES_AGGRESSIVE;
				CLANG_WARN_UNREACHABLE_CODE = YES;
				CLANG_WARN__DUPLICATE_METHOD_MATCH = YES;
				CODE_SIGN_IDENTITY = "iPhone Developer";
				COPY_PHASE_STRIP = NO;
				DEBUG_INFORMATION_FORMAT = dwarf;
				ENABLE_STRICT_OBJC_MSGSEND = YES;
				ENABLE_TESTABILITY = YES;
				GCC_C_LANGUAGE_STANDARD = gnu11;
				GCC_DYNAMIC_NO_PIC = NO;
				GCC_NO_COMMON_BLOCKS = YES;
				GCC_OPTIMIZATION_LEVEL = 0;
				GCC_PREPROCESSOR_DEFINITIONS = (
					"DEBUG=1",
					"$(inherited)",
				);
				GCC_WARN_64_TO_32_BIT_CONVERSION = YES;
				GCC_WARN_ABOUT_RETURN_TYPE = YES_ERROR;
				GCC_WARN_UNDECLARED_SELECTOR = YES;
				GCC_WARN_UNINITIALIZED_AUTOS = YES_AGGRESSIVE;
				GCC_WARN_UNUSED_FUNCTION = YES;
				GCC_WARN_UNUSED_VARIABLE = YES;
				IPHONEOS_DEPLOYMENT_TARGET = 11.2;
				MTL_ENABLE_DEBUG_INFO = YES;
				ONLY_ACTIVE_ARCH = YES;
				SDKROOT = iphoneos;
				SWIFT_ACTIVE_COMPILATION_CONDITIONS = DEBUG;
				SWIFT_OPTIMIZATION_LEVEL = "-Onone";
			};
			name = Debug;
		};
		EBDF281D20AA2F4D00458E05 /* Release */ = {
			isa = XCBuildConfiguration;
			buildSettings = {
				ALWAYS_SEARCH_USER_PATHS = NO;
				CLANG_ANALYZER_NONNULL = YES;
				CLANG_ANALYZER_NUMBER_OBJECT_CONVERSION = YES_AGGRESSIVE;
				CLANG_CXX_LANGUAGE_STANDARD = "gnu++14";
				CLANG_CXX_LIBRARY = "libc++";
				CLANG_ENABLE_MODULES = YES;
				CLANG_ENABLE_OBJC_ARC = YES;
				CLANG_WARN_BLOCK_CAPTURE_AUTORELEASING = YES;
				CLANG_WARN_BOOL_CONVERSION = YES;
				CLANG_WARN_COMMA = YES;
				CLANG_WARN_CONSTANT_CONVERSION = YES;
				CLANG_WARN_DIRECT_OBJC_ISA_USAGE = YES_ERROR;
				CLANG_WARN_DOCUMENTATION_COMMENTS = YES;
				CLANG_WARN_EMPTY_BODY = YES;
				CLANG_WARN_ENUM_CONVERSION = YES;
				CLANG_WARN_INFINITE_RECURSION = YES;
				CLANG_WARN_INT_CONVERSION = YES;
				CLANG_WARN_NON_LITERAL_NULL_CONVERSION = YES;
				CLANG_WARN_OBJC_LITERAL_CONVERSION = YES;
				CLANG_WARN_OBJC_ROOT_CLASS = YES_ERROR;
				CLANG_WARN_RANGE_LOOP_ANALYSIS = YES;
				CLANG_WARN_STRICT_PROTOTYPES = YES;
				CLANG_WARN_SUSPICIOUS_MOVE = YES;
				CLANG_WARN_UNGUARDED_AVAILABILITY = YES_AGGRESSIVE;
				CLANG_WARN_UNREACHABLE_CODE = YES;
				CLANG_WARN__DUPLICATE_METHOD_MATCH = YES;
				CODE_SIGN_IDENTITY = "iPhone Developer";
				COPY_PHASE_STRIP = NO;
				DEBUG_INFORMATION_FORMAT = "dwarf-with-dsym";
				ENABLE_NS_ASSERTIONS = NO;
				ENABLE_STRICT_OBJC_MSGSEND = YES;
				GCC_C_LANGUAGE_STANDARD = gnu11;
				GCC_NO_COMMON_BLOCKS = YES;
				GCC_WARN_64_TO_32_BIT_CONVERSION = YES;
				GCC_WARN_ABOUT_RETURN_TYPE = YES_ERROR;
				GCC_WARN_UNDECLARED_SELECTOR = YES;
				GCC_WARN_UNINITIALIZED_AUTOS = YES_AGGRESSIVE;
				GCC_WARN_UNUSED_FUNCTION = YES;
				GCC_WARN_UNUSED_VARIABLE = YES;
				IPHONEOS_DEPLOYMENT_TARGET = 11.2;
				MTL_ENABLE_DEBUG_INFO = NO;
				SDKROOT = iphoneos;
				SWIFT_OPTIMIZATION_LEVEL = "-Owholemodule";
				VALIDATE_PRODUCT = YES;
			};
			name = Release;
		};
		EBDF281F20AA2F4D00458E05 /* Debug */ = {
			isa = XCBuildConfiguration;
			baseConfigurationReference = A49519C9995F02E7C6BDC89D /* Pods-Social-App.debug.xcconfig */;
			buildSettings = {
				ASSETCATALOG_COMPILER_APPICON_NAME = AppIcon;
				CODE_SIGN_STYLE = Automatic;
				INFOPLIST_FILE = "Social-App/Info.plist";
				LD_RUNPATH_SEARCH_PATHS = "$(inherited) @executable_path/Frameworks";
				PRODUCT_BUNDLE_IDENTIFIER = "SAAAMYproductions.Social-App";
				PRODUCT_NAME = "$(TARGET_NAME)";
				SWIFT_VERSION = 4.0;
				TARGETED_DEVICE_FAMILY = "1,2";
			};
			name = Debug;
		};
		EBDF282020AA2F4D00458E05 /* Release */ = {
			isa = XCBuildConfiguration;
			baseConfigurationReference = D150FC27A092F9FD7EADD2CB /* Pods-Social-App.release.xcconfig */;
			buildSettings = {
				ASSETCATALOG_COMPILER_APPICON_NAME = AppIcon;
				CODE_SIGN_STYLE = Automatic;
				INFOPLIST_FILE = "Social-App/Info.plist";
				LD_RUNPATH_SEARCH_PATHS = "$(inherited) @executable_path/Frameworks";
				PRODUCT_BUNDLE_IDENTIFIER = "SAAAMYproductions.Social-App";
				PRODUCT_NAME = "$(TARGET_NAME)";
				SWIFT_VERSION = 4.0;
				TARGETED_DEVICE_FAMILY = "1,2";
			};
			name = Release;
		};
/* End XCBuildConfiguration section */

/* Begin XCConfigurationList section */
		EBDF280720AA2F4D00458E05 /* Build configuration list for PBXProject "Social-App" */ = {
			isa = XCConfigurationList;
			buildConfigurations = (
				EBDF281C20AA2F4D00458E05 /* Debug */,
				EBDF281D20AA2F4D00458E05 /* Release */,
			);
			defaultConfigurationIsVisible = 0;
			defaultConfigurationName = Release;
		};
		EBDF281E20AA2F4D00458E05 /* Build configuration list for PBXNativeTarget "Social-App" */ = {
			isa = XCConfigurationList;
			buildConfigurations = (
				EBDF281F20AA2F4D00458E05 /* Debug */,
				EBDF282020AA2F4D00458E05 /* Release */,
			);
			defaultConfigurationIsVisible = 0;
			defaultConfigurationName = Release;
		};
/* End XCConfigurationList section */
	};
	rootObject = EBDF280420AA2F4D00458E05 /* Project object */;
}
